
Microsoft Visual Studio Solution File, Format Version 12.00
# Visual Studio Version 17
VisualStudioVersion = 17.5.33530.505
MinimumVisualStudioVersion = 10.0.40219.1
Project("{FAE04EC0-301F-11D3-BF4B-00C04F79EFBC}") = "ConsoleApp1", "ConsoleApp1\ConsoleApp1.csproj", "{EB714E83-18AC-4087-8BCB-7983FFEF2FD5}"
EndProject
Global
	GlobalSection(SolutionConfigurationPlatforms) = preSolution
		Debug|Any CPU = Debug|Any CPU
		Release|Any CPU = Release|Any CPU
	EndGlobalSection
	GlobalSection(ProjectConfigurationPlatforms) = postSolution
		{EB714E83-18AC-4087-8BCB-7983FFEF2FD5}.Debug|Any CPU.ActiveCfg = Debug|Any CPU
		{EB714E83-18AC-4087-8BCB-7983FFEF2FD5}.Debug|Any CPU.Build.0 = Debug|Any CPU
		{EB714E83-18AC-4087-8BCB-7983FFEF2FD5}.Release|Any CPU.ActiveCfg = Release|Any CPU
		{EB714E83-18AC-4087-8BCB-7983FFEF2FD5}.Release|Any CPU.Build.0 = Release|Any CPU
	EndGlobalSection
	GlobalSection(SolutionProperties) = preSolution
		HideSolutionNode = FALSE
	EndGlobalSection
	GlobalSection(ExtensibilityGlobals) = postSolution
		SolutionGuid = {686C85E9-F8C6-4F3A-A974-BB62FA204D25}
	EndGlobalSection
EndGlobal
